{
  "name": "ionic-vue-form",
  "version": "1.0.7",
  "lockfileVersion": 1,
  "requires": true,
  "dependencies": {
    "@ionic/core": {
      "version": "4.11.10",
      "resolved": "https://registry.npmjs.org/@ionic/core/-/core-4.11.10.tgz",
      "integrity": "sha512-PeonKl5E+VOTBeKDr83y0N/1wbfkZ5jV3PSJTsVPE3Q15LxGEO0GzBvVMgkmkssuqOI3WJPXxYWZVL8ejzSFOQ==",
      "requires": {
        "ionicons": "^4.6.3",
        "tslib": "^1.10.0"
      }
    },
    "@ionic/vue": {
      "version": "0.0.4",
      "resolved": "https://registry.npmjs.org/@ionic/vue/-/vue-0.0.4.tgz",
      "integrity": "sha512-SlLb9nhFcsUQ2u0cfZJBTEICp6bUghEGY2w/iP0RLnXjkdK5ht5Cu4pJrT4FIzrEpZ5rlf50x244pT3xV+yZJg==",
      "requires": {
        "@ionic/core": "^4.0.0"
      },
      "dependencies": {
        "@ionic/core": {
          "version": "4.11.10",
          "resolved": "https://registry.npmjs.org/@ionic/core/-/core-4.11.10.tgz",
          "integrity": "sha512-PeonKl5E+VOTBeKDr83y0N/1wbfkZ5jV3PSJTsVPE3Q15LxGEO0GzBvVMgkmkssuqOI3WJPXxYWZVL8ejzSFOQ==",
          "requires": {
            "ionicons": "^4.6.3",
            "tslib": "^1.10.0"
          }
        },
        "ionicons": {
          "version": "4.6.3",
          "resolved": "https://registry.npmjs.org/ionicons/-/ionicons-4.6.3.tgz",
          "integrity": "sha512-cgP+VIr2cTJpMfFyVHTerq6n2jeoiGboVoe3GlaAo5zoSBDAEXORwUZhv6m+lCyxlsHCS3nqPUE+MKyZU71t8Q=="
        }
      }
    },
    "ionicons": {
      "version": "4.6.3",
      "resolved": "https://registry.npmjs.org/ionicons/-/ionicons-4.6.3.tgz",
      "integrity": "sha512-cgP+VIr2cTJpMfFyVHTerq6n2jeoiGboVoe3GlaAo5zoSBDAEXORwUZhv6m+lCyxlsHCS3nqPUE+MKyZU71t8Q=="
    },
    "tslib": {
      "version": "1.11.1",
      "resolved": "https://registry.npmjs.org/tslib/-/tslib-1.11.1.tgz",
      "integrity": "sha512-aZW88SY8kQbU7gpV19lN24LtXh/yD4ZZg6qieAJDDg+YBsJcSmLGK9QpnUjAKVG/xefmvJGd1WUmfpT/g6AJGA=="
    },
    "vee-validate": {
      "version": "2.2.15",
      "resolved": "https://registry.npmjs.org/vee-validate/-/vee-validate-2.2.15.tgz",
      "integrity": "sha512-4TOsI8XwVkKVLkg8Nhmy+jyoJrR6XcTRDyxBarzcCvYzU61zamipS1WsB6FlDze8eJQpgglS4NXAS6o4NDPs1g=="
    }
  }
}
